// !$*UTF8*$!
{
	archiveVersion = 1;
	classes = {
	};
	objectVersion = 51;
	objects = {

/* Begin PBXBuildFile section */
		020552E62390791900DE75CC /* TutorialsViewController.swift in Sources */ = {isa = PBXBuildFile; fileRef = 020552E52390791900DE75CC /* TutorialsViewController.swift */; };
		020552E82391F48400DE75CC /* SettingsViewController.swift in Sources */ = {isa = PBXBuildFile; fileRef = 020552E72391F48400DE75CC /* SettingsViewController.swift */; };
		021D46982394B35500155961 /* PuzzleBoard15.swift in Sources */ = {isa = PBXBuildFile; fileRef = 021D46972394B35500155961 /* PuzzleBoard15.swift */; };
		022A741F2388CBF000C6C823 /* FifteenPuzzleViewController.swift in Sources */ = {isa = PBXBuildFile; fileRef = 022A741E2388CBF000C6C823 /* FifteenPuzzleViewController.swift */; };
		02696B2423934E61000753D3 /* ScoreTableViewCell.swift in Sources */ = {isa = PBXBuildFile; fileRef = 02696B2323934E61000753D3 /* ScoreTableViewCell.swift */; };
		02696B2623935D5C000753D3 /* SceneDelegate.swift in Sources */ = {isa = PBXBuildFile; fileRef = 02696B2523935D5B000753D3 /* SceneDelegate.swift */; };
		0288BC07239DE416005CF6D5 /* ShareViewController.swift in Sources */ = {isa = PBXBuildFile; fileRef = 0288BC06239DE416005CF6D5 /* ShareViewController.swift */; };
		028F66982380D00800FFEF75 /* AppDelegate.swift in Sources */ = {isa = PBXBuildFile; fileRef = 028F66972380D00800FFEF75 /* AppDelegate.swift */; };
		028F669C2380D00800FFEF75 /* ViewController.swift in Sources */ = {isa = PBXBuildFile; fileRef = 028F669B2380D00800FFEF75 /* ViewController.swift */; };
		028F669F2380D00800FFEF75 /* Main.storyboard in Resources */ = {isa = PBXBuildFile; fileRef = 028F669D2380D00800FFEF75 /* Main.storyboard */; };
		028F66A22380D00800FFEF75 /* PuzzleGame.xcdatamodeld in Sources */ = {isa = PBXBuildFile; fileRef = 028F66A02380D00800FFEF75 /* PuzzleGame.xcdatamodeld */; };
		028F66A42380D00B00FFEF75 /* Assets.xcassets in Resources */ = {isa = PBXBuildFile; fileRef = 028F66A32380D00B00FFEF75 /* Assets.xcassets */; };
		028F66A72380D00B00FFEF75 /* LaunchScreen.storyboard in Resources */ = {isa = PBXBuildFile; fileRef = 028F66A52380D00B00FFEF75 /* LaunchScreen.storyboard */; };
		028F66B22380D00B00FFEF75 /* PuzzleGameTests.swift in Sources */ = {isa = PBXBuildFile; fileRef = 028F66B12380D00B00FFEF75 /* PuzzleGameTests.swift */; };
		028F66BD2380D00B00FFEF75 /* PuzzleGameUITests.swift in Sources */ = {isa = PBXBuildFile; fileRef = 028F66BC2380D00B00FFEF75 /* PuzzleGameUITests.swift */; };
		028F66CB2380D27400FFEF75 /* PuzzleViewController.swift in Sources */ = {isa = PBXBuildFile; fileRef = 028F66CA2380D27400FFEF75 /* PuzzleViewController.swift */; };
		028F66CD2380E88100FFEF75 /* PuzzleBoard.swift in Sources */ = {isa = PBXBuildFile; fileRef = 028F66CC2380E88100FFEF75 /* PuzzleBoard.swift */; };
		02940BC423823600001C8214 /* UIButton+Extension.swift in Sources */ = {isa = PBXBuildFile; fileRef = 02940BC323823600001C8214 /* UIButton+Extension.swift */; };
		02940BC7238259D2001C8214 /* Electrical_Sweep-Sweeper-1760111493.mp3 in Resources */ = {isa = PBXBuildFile; fileRef = 02940BC6238259D2001C8214 /* Electrical_Sweep-Sweeper-1760111493.mp3 */; };
		02940BC923832D3B001C8214 /* UIImage+Extension.swift in Sources */ = {isa = PBXBuildFile; fileRef = 02940BC823832D3B001C8214 /* UIImage+Extension.swift */; };
		02BD6CE02393319900D11329 /* CoreDataManager.swift in Sources */ = {isa = PBXBuildFile; fileRef = 02BD6CDF2393319900D11329 /* CoreDataManager.swift */; };
		02BD6CE22393365A00D11329 /* CoreDataManager+Score.swift in Sources */ = {isa = PBXBuildFile; fileRef = 02BD6CE12393365A00D11329 /* CoreDataManager+Score.swift */; };
		02BD6CE423933D6500D11329 /* ScoreController.swift in Sources */ = {isa = PBXBuildFile; fileRef = 02BD6CE323933D6500D11329 /* ScoreController.swift */; };
		02BD6CE623933F2D00D11329 /* DataReceiver.swift in Sources */ = {isa = PBXBuildFile; fileRef = 02BD6CE523933F2D00D11329 /* DataReceiver.swift */; };
		02BD6CE823934C7200D11329 /* ScoreViewController.swift in Sources */ = {isa = PBXBuildFile; fileRef = 02BD6CE723934C7200D11329 /* ScoreViewController.swift */; };
		02DBB88523A402DB0037B798 /* PostViewController.swift in Sources */ = {isa = PBXBuildFile; fileRef = 02DBB88423A402DB0037B798 /* PostViewController.swift */; };
		02ECC213239F082A00D979D4 /* NSNotification+Extension.swift in Sources */ = {isa = PBXBuildFile; fileRef = 02ECC212239F082A00D979D4 /* NSNotification+Extension.swift */; };
		5AB98354FDB5CE48CE0216B7 /* Pods_PuzzleGame.framework in Frameworks */ = {isa = PBXBuildFile; fileRef = EBD62E86A1173AC0F6C22FDD /* Pods_PuzzleGame.framework */; };
/* End PBXBuildFile section */

/* Begin PBXContainerItemProxy section */
		028F66AE2380D00B00FFEF75 /* PBXContainerItemProxy */ = {
			isa = PBXContainerItemProxy;
			containerPortal = 028F668C2380D00800FFEF75 /* Project object */;
			proxyType = 1;
			remoteGlobalIDString = 028F66932380D00800FFEF75;
			remoteInfo = PuzzleGame;
		};
		028F66B92380D00B00FFEF75 /* PBXContainerItemProxy */ = {
			isa = PBXContainerItemProxy;
			containerPortal = 028F668C2380D00800FFEF75 /* Project object */;
			proxyType = 1;
			remoteGlobalIDString = 028F66932380D00800FFEF75;
			remoteInfo = PuzzleGame;
		};
/* End PBXContainerItemProxy section */

/* Begin PBXFileReference section */
		020552E52390791900DE75CC /* TutorialsViewController.swift */ = {isa = PBXFileReference; lastKnownFileType = sourcecode.swift; path = TutorialsViewController.swift; sourceTree = "<group>"; };
		020552E72391F48400DE75CC /* SettingsViewController.swift */ = {isa = PBXFileReference; lastKnownFileType = sourcecode.swift; path = SettingsViewController.swift; sourceTree = "<group>"; };
		021D46972394B35500155961 /* PuzzleBoard15.swift */ = {isa = PBXFileReference; lastKnownFileType = sourcecode.swift; path = PuzzleBoard15.swift; sourceTree = "<group>"; };
		022A741E2388CBF000C6C823 /* FifteenPuzzleViewController.swift */ = {isa = PBXFileReference; lastKnownFileType = sourcecode.swift; path = FifteenPuzzleViewController.swift; sourceTree = "<group>"; };
		02696B2323934E61000753D3 /* ScoreTableViewCell.swift */ = {isa = PBXFileReference; lastKnownFileType = sourcecode.swift; path = ScoreTableViewCell.swift; sourceTree = "<group>"; };
		02696B2523935D5B000753D3 /* SceneDelegate.swift */ = {isa = PBXFileReference; fileEncoding = 4; lastKnownFileType = sourcecode.swift; path = SceneDelegate.swift; sourceTree = "<group>"; };
		0288BC06239DE416005CF6D5 /* ShareViewController.swift */ = {isa = PBXFileReference; lastKnownFileType = sourcecode.swift; path = ShareViewController.swift; sourceTree = "<group>"; };
		028F66942380D00800FFEF75 /* PuzzleGame.app */ = {isa = PBXFileReference; explicitFileType = wrapper.application; includeInIndex = 0; path = PuzzleGame.app; sourceTree = BUILT_PRODUCTS_DIR; };
		028F66972380D00800FFEF75 /* AppDelegate.swift */ = {isa = PBXFileReference; lastKnownFileType = sourcecode.swift; path = AppDelegate.swift; sourceTree = "<group>"; };
		028F669B2380D00800FFEF75 /* ViewController.swift */ = {isa = PBXFileReference; lastKnownFileType = sourcecode.swift; path = ViewController.swift; sourceTree = "<group>"; };
		028F669E2380D00800FFEF75 /* Base */ = {isa = PBXFileReference; lastKnownFileType = file.storyboard; name = Base; path = Base.lproj/Main.storyboard; sourceTree = "<group>"; };
		028F66A12380D00800FFEF75 /* PuzzleGame.xcdatamodel */ = {isa = PBXFileReference; lastKnownFileType = wrapper.xcdatamodel; path = PuzzleGame.xcdatamodel; sourceTree = "<group>"; };
		028F66A32380D00B00FFEF75 /* Assets.xcassets */ = {isa = PBXFileReference; lastKnownFileType = folder.assetcatalog; path = Assets.xcassets; sourceTree = "<group>"; };
		028F66A62380D00B00FFEF75 /* Base */ = {isa = PBXFileReference; lastKnownFileType = file.storyboard; name = Base; path = Base.lproj/LaunchScreen.storyboard; sourceTree = "<group>"; };
		028F66A82380D00B00FFEF75 /* Info.plist */ = {isa = PBXFileReference; lastKnownFileType = text.plist.xml; path = Info.plist; sourceTree = "<group>"; };
		028F66AD2380D00B00FFEF75 /* PuzzleGameTests.xctest */ = {isa = PBXFileReference; explicitFileType = wrapper.cfbundle; includeInIndex = 0; path = PuzzleGameTests.xctest; sourceTree = BUILT_PRODUCTS_DIR; };
		028F66B12380D00B00FFEF75 /* PuzzleGameTests.swift */ = {isa = PBXFileReference; lastKnownFileType = sourcecode.swift; path = PuzzleGameTests.swift; sourceTree = "<group>"; };
		028F66B32380D00B00FFEF75 /* Info.plist */ = {isa = PBXFileReference; lastKnownFileType = text.plist.xml; path = Info.plist; sourceTree = "<group>"; };
		028F66B82380D00B00FFEF75 /* PuzzleGameUITests.xctest */ = {isa = PBXFileReference; explicitFileType = wrapper.cfbundle; includeInIndex = 0; path = PuzzleGameUITests.xctest; sourceTree = BUILT_PRODUCTS_DIR; };
		028F66BC2380D00B00FFEF75 /* PuzzleGameUITests.swift */ = {isa = PBXFileReference; lastKnownFileType = sourcecode.swift; path = PuzzleGameUITests.swift; sourceTree = "<group>"; };
		028F66BE2380D00B00FFEF75 /* Info.plist */ = {isa = PBXFileReference; lastKnownFileType = text.plist.xml; path = Info.plist; sourceTree = "<group>"; };
		028F66CA2380D27400FFEF75 /* PuzzleViewController.swift */ = {isa = PBXFileReference; lastKnownFileType = sourcecode.swift; path = PuzzleViewController.swift; sourceTree = "<group>"; };
		028F66CC2380E88100FFEF75 /* PuzzleBoard.swift */ = {isa = PBXFileReference; lastKnownFileType = sourcecode.swift; path = PuzzleBoard.swift; sourceTree = "<group>"; };
		02940BC323823600001C8214 /* UIButton+Extension.swift */ = {isa = PBXFileReference; lastKnownFileType = sourcecode.swift; path = "UIButton+Extension.swift"; sourceTree = "<group>"; };
		02940BC6238259D2001C8214 /* Electrical_Sweep-Sweeper-1760111493.mp3 */ = {isa = PBXFileReference; lastKnownFileType = audio.mp3; path = "Electrical_Sweep-Sweeper-1760111493.mp3"; sourceTree = "<group>"; };
		02940BC823832D3B001C8214 /* UIImage+Extension.swift */ = {isa = PBXFileReference; lastKnownFileType = sourcecode.swift; path = "UIImage+Extension.swift"; sourceTree = "<group>"; };
		02BD6CDF2393319900D11329 /* CoreDataManager.swift */ = {isa = PBXFileReference; lastKnownFileType = sourcecode.swift; path = CoreDataManager.swift; sourceTree = "<group>"; };
		02BD6CE12393365A00D11329 /* CoreDataManager+Score.swift */ = {isa = PBXFileReference; lastKnownFileType = sourcecode.swift; path = "CoreDataManager+Score.swift"; sourceTree = "<group>"; };
		02BD6CE323933D6500D11329 /* ScoreController.swift */ = {isa = PBXFileReference; lastKnownFileType = sourcecode.swift; path = ScoreController.swift; sourceTree = "<group>"; };
		02BD6CE523933F2D00D11329 /* DataReceiver.swift */ = {isa = PBXFileReference; lastKnownFileType = sourcecode.swift; path = DataReceiver.swift; sourceTree = "<group>"; };
		02BD6CE723934C7200D11329 /* ScoreViewController.swift */ = {isa = PBXFileReference; lastKnownFileType = sourcecode.swift; path = ScoreViewController.swift; sourceTree = "<group>"; };
		02DBB88423A402DB0037B798 /* PostViewController.swift */ = {isa = PBXFileReference; lastKnownFileType = sourcecode.swift; path = PostViewController.swift; sourceTree = "<group>"; };
		02ECC212239F082A00D979D4 /* NSNotification+Extension.swift */ = {isa = PBXFileReference; lastKnownFileType = sourcecode.swift; path = "NSNotification+Extension.swift"; sourceTree = "<group>"; };
		0673BE82271A93E3BDF12C3B /* Pods-PuzzleGame.debug.xcconfig */ = {isa = PBXFileReference; includeInIndex = 1; lastKnownFileType = text.xcconfig; name = "Pods-PuzzleGame.debug.xcconfig"; path = "Target Support Files/Pods-PuzzleGame/Pods-PuzzleGame.debug.xcconfig"; sourceTree = "<group>"; };
		7440168E08583BC0B19FCD2A /* Pods-PuzzleGame.release.xcconfig */ = {isa = PBXFileReference; includeInIndex = 1; lastKnownFileType = text.xcconfig; name = "Pods-PuzzleGame.release.xcconfig"; path = "Target Support Files/Pods-PuzzleGame/Pods-PuzzleGame.release.xcconfig"; sourceTree = "<group>"; };
		EBD62E86A1173AC0F6C22FDD /* Pods_PuzzleGame.framework */ = {isa = PBXFileReference; explicitFileType = wrapper.framework; includeInIndex = 0; path = Pods_PuzzleGame.framework; sourceTree = BUILT_PRODUCTS_DIR; };
/* End PBXFileReference section */

/* Begin PBXFrameworksBuildPhase section */
		028F66912380D00800FFEF75 /* Frameworks */ = {
			isa = PBXFrameworksBuildPhase;
			buildActionMask = 2147483647;
			files = (
				5AB98354FDB5CE48CE0216B7 /* Pods_PuzzleGame.framework in Frameworks */,
			);
			runOnlyForDeploymentPostprocessing = 0;
		};
		028F66AA2380D00B00FFEF75 /* Frameworks */ = {
			isa = PBXFrameworksBuildPhase;
			buildActionMask = 2147483647;
			files = (
			);
			runOnlyForDeploymentPostprocessing = 0;
		};
		028F66B52380D00B00FFEF75 /* Frameworks */ = {
			isa = PBXFrameworksBuildPhase;
			buildActionMask = 2147483647;
			files = (
			);
			runOnlyForDeploymentPostprocessing = 0;
		};
/* End PBXFrameworksBuildPhase section */

/* Begin PBXGroup section */
		028F668B2380D00800FFEF75 = {
			isa = PBXGroup;
			children = (
				028F66962380D00800FFEF75 /* PuzzleGame */,
				028F66B02380D00B00FFEF75 /* PuzzleGameTests */,
				028F66BB2380D00B00FFEF75 /* PuzzleGameUITests */,
				028F66952380D00800FFEF75 /* Products */,
				D07A642EEC560EFDB15E60E6 /* Pods */,
				3E9864ADC24D09D3B3AF7C8A /* Frameworks */,
			);
			sourceTree = "<group>";
		};
		028F66952380D00800FFEF75 /* Products */ = {
			isa = PBXGroup;
			children = (
				028F66942380D00800FFEF75 /* PuzzleGame.app */,
				028F66AD2380D00B00FFEF75 /* PuzzleGameTests.xctest */,
				028F66B82380D00B00FFEF75 /* PuzzleGameUITests.xctest */,
			);
			name = Products;
			sourceTree = "<group>";
		};
		028F66962380D00800FFEF75 /* PuzzleGame */ = {
			isa = PBXGroup;
			children = (
				02BD6CE323933D6500D11329 /* ScoreController.swift */,
				02BD6CE523933F2D00D11329 /* DataReceiver.swift */,
				02BD6CDE2393316100D11329 /* CoreData */,
				02940BC523823A93001C8214 /* Utilities */,
				028F66CF238203C800FFEF75 /* View */,
				028F66CE238203BC00FFEF75 /* Model */,
				028F66972380D00800FFEF75 /* AppDelegate.swift */,
				02696B2523935D5B000753D3 /* SceneDelegate.swift */,
				028F669D2380D00800FFEF75 /* Main.storyboard */,
				028F66A52380D00B00FFEF75 /* LaunchScreen.storyboard */,
				028F66A32380D00B00FFEF75 /* Assets.xcassets */,
				02940BC6238259D2001C8214 /* Electrical_Sweep-Sweeper-1760111493.mp3 */,
				028F66A82380D00B00FFEF75 /* Info.plist */,
			);
			path = PuzzleGame;
			sourceTree = "<group>";
		};
		028F66B02380D00B00FFEF75 /* PuzzleGameTests */ = {
			isa = PBXGroup;
			children = (
				028F66B12380D00B00FFEF75 /* PuzzleGameTests.swift */,
				028F66B32380D00B00FFEF75 /* Info.plist */,
			);
			path = PuzzleGameTests;
			sourceTree = "<group>";
		};
		028F66BB2380D00B00FFEF75 /* PuzzleGameUITests */ = {
			isa = PBXGroup;
			children = (
				028F66BC2380D00B00FFEF75 /* PuzzleGameUITests.swift */,
				028F66BE2380D00B00FFEF75 /* Info.plist */,
			);
			path = PuzzleGameUITests;
			sourceTree = "<group>";
		};
		028F66CE238203BC00FFEF75 /* Model */ = {
			isa = PBXGroup;
			children = (
				028F66CC2380E88100FFEF75 /* PuzzleBoard.swift */,
				021D46972394B35500155961 /* PuzzleBoard15.swift */,
			);
			path = Model;
			sourceTree = "<group>";
		};
		028F66CF238203C800FFEF75 /* View */ = {
			isa = PBXGroup;
			children = (
				028F669B2380D00800FFEF75 /* ViewController.swift */,
				028F66CA2380D27400FFEF75 /* PuzzleViewController.swift */,
				022A741E2388CBF000C6C823 /* FifteenPuzzleViewController.swift */,
				020552E52390791900DE75CC /* TutorialsViewController.swift */,
				020552E72391F48400DE75CC /* SettingsViewController.swift */,
				02BD6CE723934C7200D11329 /* ScoreViewController.swift */,
				02696B2323934E61000753D3 /* ScoreTableViewCell.swift */,
				0288BC06239DE416005CF6D5 /* ShareViewController.swift */,
				02DBB88423A402DB0037B798 /* PostViewController.swift */,
			);
			path = View;
			sourceTree = "<group>";
		};
		02940BC523823A93001C8214 /* Utilities */ = {
			isa = PBXGroup;
			children = (
				02940BC323823600001C8214 /* UIButton+Extension.swift */,
				02940BC823832D3B001C8214 /* UIImage+Extension.swift */,
				02ECC212239F082A00D979D4 /* NSNotification+Extension.swift */,
			);
			path = Utilities;
			sourceTree = "<group>";
		};
		02BD6CDE2393316100D11329 /* CoreData */ = {
			isa = PBXGroup;
			children = (
				02BD6CDF2393319900D11329 /* CoreDataManager.swift */,
				02BD6CE12393365A00D11329 /* CoreDataManager+Score.swift */,
				028F66A02380D00800FFEF75 /* PuzzleGame.xcdatamodeld */,
			);
			path = CoreData;
			sourceTree = "<group>";
		};
		3E9864ADC24D09D3B3AF7C8A /* Frameworks */ = {
			isa = PBXGroup;
			children = (
				EBD62E86A1173AC0F6C22FDD /* Pods_PuzzleGame.framework */,
			);
			name = Frameworks;
			sourceTree = "<group>";
		};
		D07A642EEC560EFDB15E60E6 /* Pods */ = {
			isa = PBXGroup;
			children = (
				0673BE82271A93E3BDF12C3B /* Pods-PuzzleGame.debug.xcconfig */,
				7440168E08583BC0B19FCD2A /* Pods-PuzzleGame.release.xcconfig */,
			);
			path = Pods;
			sourceTree = "<group>";
		};
/* End PBXGroup section */

/* Begin PBXNativeTarget section */
		028F66932380D00800FFEF75 /* PuzzleGame */ = {
			isa = PBXNativeTarget;
			buildConfigurationList = 028F66C12380D00B00FFEF75 /* Build configuration list for PBXNativeTarget "PuzzleGame" */;
			buildPhases = (
				A110774E45ECEAF2984BA34E /* [CP] Check Pods Manifest.lock */,
				028F66902380D00800FFEF75 /* Sources */,
				028F66912380D00800FFEF75 /* Frameworks */,
				028F66922380D00800FFEF75 /* Resources */,
				1025FF0B961F3B20955D1D80 /* [CP] Embed Pods Frameworks */,
			);
			buildRules = (
			);
			dependencies = (
			);
			name = PuzzleGame;
			productName = PuzzleGame;
			productReference = 028F66942380D00800FFEF75 /* PuzzleGame.app */;
			productType = "com.apple.product-type.application";
		};
		028F66AC2380D00B00FFEF75 /* PuzzleGameTests */ = {
			isa = PBXNativeTarget;
			buildConfigurationList = 028F66C42380D00B00FFEF75 /* Build configuration list for PBXNativeTarget "PuzzleGameTests" */;
			buildPhases = (
				028F66A92380D00B00FFEF75 /* Sources */,
				028F66AA2380D00B00FFEF75 /* Frameworks */,
				028F66AB2380D00B00FFEF75 /* Resources */,
			);
			buildRules = (
			);
			dependencies = (
				028F66AF2380D00B00FFEF75 /* PBXTargetDependency */,
			);
			name = PuzzleGameTests;
			productName = PuzzleGameTests;
			productReference = 028F66AD2380D00B00FFEF75 /* PuzzleGameTests.xctest */;
			productType = "com.apple.product-type.bundle.unit-test";
		};
		028F66B72380D00B00FFEF75 /* PuzzleGameUITests */ = {
			isa = PBXNativeTarget;
			buildConfigurationList = 028F66C72380D00B00FFEF75 /* Build configuration list for PBXNativeTarget "PuzzleGameUITests" */;
			buildPhases = (
				028F66B42380D00B00FFEF75 /* Sources */,
				028F66B52380D00B00FFEF75 /* Frameworks */,
				028F66B62380D00B00FFEF75 /* Resources */,
			);
			buildRules = (
			);
			dependencies = (
				028F66BA2380D00B00FFEF75 /* PBXTargetDependency */,
			);
			name = PuzzleGameUITests;
			productName = PuzzleGameUITests;
			productReference = 028F66B82380D00B00FFEF75 /* PuzzleGameUITests.xctest */;
			productType = "com.apple.product-type.bundle.ui-testing";
		};
/* End PBXNativeTarget section */

/* Begin PBXProject section */
		028F668C2380D00800FFEF75 /* Project object */ = {
			isa = PBXProject;
			attributes = {
				LastSwiftUpdateCheck = 1110;
				LastUpgradeCheck = 1110;
				ORGANIZATIONNAME = Consultant;
				TargetAttributes = {
					028F66932380D00800FFEF75 = {
						CreatedOnToolsVersion = 11.1;
					};
					028F66AC2380D00B00FFEF75 = {
						CreatedOnToolsVersion = 11.1;
						TestTargetID = 028F66932380D00800FFEF75;
					};
					028F66B72380D00B00FFEF75 = {
						CreatedOnToolsVersion = 11.1;
						TestTargetID = 028F66932380D00800FFEF75;
					};
				};
			};
			buildConfigurationList = 028F668F2380D00800FFEF75 /* Build configuration list for PBXProject "PuzzleGame" */;
			compatibilityVersion = "Xcode 9.3";
			developmentRegion = en;
			hasScannedForEncodings = 0;
			knownRegions = (
				en,
				Base,
			);
			mainGroup = 028F668B2380D00800FFEF75;
			productRefGroup = 028F66952380D00800FFEF75 /* Products */;
			projectDirPath = "";
			projectRoot = "";
			targets = (
				028F66932380D00800FFEF75 /* PuzzleGame */,
				028F66AC2380D00B00FFEF75 /* PuzzleGameTests */,
				028F66B72380D00B00FFEF75 /* PuzzleGameUITests */,
			);
		};
/* End PBXProject section */

/* Begin PBXResourcesBuildPhase section */
		028F66922380D00800FFEF75 /* Resources */ = {
			isa = PBXResourcesBuildPhase;
			buildActionMask = 2147483647;
			files = (
				028F66A72380D00B00FFEF75 /* LaunchScreen.storyboard in Resources */,
				028F66A42380D00B00FFEF75 /* Assets.xcassets in Resources */,
				02940BC7238259D2001C8214 /* Electrical_Sweep-Sweeper-1760111493.mp3 in Resources */,
				028F669F2380D00800FFEF75 /* Main.storyboard in Resources */,
			);
			runOnlyForDeploymentPostprocessing = 0;
		};
		028F66AB2380D00B00FFEF75 /* Resources */ = {
			isa = PBXResourcesBuildPhase;
			buildActionMask = 2147483647;
			files = (
			);
			runOnlyForDeploymentPostprocessing = 0;
		};
		028F66B62380D00B00FFEF75 /* Resources */ = {
			isa = PBXResourcesBuildPhase;
			buildActionMask = 2147483647;
			files = (
			);
			runOnlyForDeploymentPostprocessing = 0;
		};
/* End PBXResourcesBuildPhase section */

/* Begin PBXShellScriptBuildPhase section */
		1025FF0B961F3B20955D1D80 /* [CP] Embed Pods Frameworks */ = {
			isa = PBXShellScriptBuildPhase;
			buildActionMask = 2147483647;
			files = (
			);
			inputFileListPaths = (
				"${PODS_ROOT}/Target Support Files/Pods-PuzzleGame/Pods-PuzzleGame-frameworks-${CONFIGURATION}-input-files.xcfilelist",
			);
			name = "[CP] Embed Pods Frameworks";
			outputFileListPaths = (
				"${PODS_ROOT}/Target Support Files/Pods-PuzzleGame/Pods-PuzzleGame-frameworks-${CONFIGURATION}-output-files.xcfilelist",
			);
			runOnlyForDeploymentPostprocessing = 0;
			shellPath = /bin/sh;
			shellScript = "\"${PODS_ROOT}/Target Support Files/Pods-PuzzleGame/Pods-PuzzleGame-frameworks.sh\"\n";
			showEnvVarsInLog = 0;
		};
		A110774E45ECEAF2984BA34E /* [CP] Check Pods Manifest.lock */ = {
			isa = PBXShellScriptBuildPhase;
			buildActionMask = 2147483647;
			files = (
			);
			inputFileListPaths = (
			);
			inputPaths = (
				"${PODS_PODFILE_DIR_PATH}/Podfile.lock",
				"${PODS_ROOT}/Manifest.lock",
			);
			name = "[CP] Check Pods Manifest.lock";
			outputFileListPaths = (
			);
			outputPaths = (
				"$(DERIVED_FILE_DIR)/Pods-PuzzleGame-checkManifestLockResult.txt",
			);
			runOnlyForDeploymentPostprocessing = 0;
			shellPath = /bin/sh;
			shellScript = "diff \"${PODS_PODFILE_DIR_PATH}/Podfile.lock\" \"${PODS_ROOT}/Manifest.lock\" > /dev/null\nif [ $? != 0 ] ; then\n    # print error to STDERR\n    echo \"error: The sandbox is not in sync with the Podfile.lock. Run 'pod install' or update your CocoaPods installation.\" >&2\n    exit 1\nfi\n# This output is used by Xcode 'outputs' to avoid re-running this script phase.\necho \"SUCCESS\" > \"${SCRIPT_OUTPUT_FILE_0}\"\n";
			showEnvVarsInLog = 0;
		};
/* End PBXShellScriptBuildPhase section */

/* Begin PBXSourcesBuildPhase section */
		028F66902380D00800FFEF75 /* Sources */ = {
			isa = PBXSourcesBuildPhase;
			buildActionMask = 2147483647;
			files = (
				028F66CD2380E88100FFEF75 /* PuzzleBoard.swift in Sources */,
				02ECC213239F082A00D979D4 /* NSNotification+Extension.swift in Sources */,
				028F66CB2380D27400FFEF75 /* PuzzleViewController.swift in Sources */,
				021D46982394B35500155961 /* PuzzleBoard15.swift in Sources */,
				02BD6CE22393365A00D11329 /* CoreDataManager+Score.swift in Sources */,
				020552E82391F48400DE75CC /* SettingsViewController.swift in Sources */,
				022A741F2388CBF000C6C823 /* FifteenPuzzleViewController.swift in Sources */,
				0288BC07239DE416005CF6D5 /* ShareViewController.swift in Sources */,
				028F669C2380D00800FFEF75 /* ViewController.swift in Sources */,
				02DBB88523A402DB0037B798 /* PostViewController.swift in Sources */,
				02696B2423934E61000753D3 /* ScoreTableViewCell.swift in Sources */,
				02696B2623935D5C000753D3 /* SceneDelegate.swift in Sources */,
				020552E62390791900DE75CC /* TutorialsViewController.swift in Sources */,
				02BD6CE623933F2D00D11329 /* DataReceiver.swift in Sources */,
				02BD6CE02393319900D11329 /* CoreDataManager.swift in Sources */,
				02940BC923832D3B001C8214 /* UIImage+Extension.swift in Sources */,
				028F66982380D00800FFEF75 /* AppDelegate.swift in Sources */,
				02BD6CE423933D6500D11329 /* ScoreController.swift in Sources */,
				028F66A22380D00800FFEF75 /* PuzzleGame.xcdatamodeld in Sources */,
				02940BC423823600001C8214 /* UIButton+Extension.swift in Sources */,
				02BD6CE823934C7200D11329 /* ScoreViewController.swift in Sources */,
			);
			runOnlyForDeploymentPostprocessing = 0;
		};
		028F66A92380D00B00FFEF75 /* Sources */ = {
			isa = PBXSourcesBuildPhase;
			buildActionMask = 2147483647;
			files = (
				028F66B22380D00B00FFEF75 /* PuzzleGameTests.swift in Sources */,
			);
			runOnlyForDeploymentPostprocessing = 0;
		};
		028F66B42380D00B00FFEF75 /* Sources */ = {
			isa = PBXSourcesBuildPhase;
			buildActionMask = 2147483647;
			files = (
				028F66BD2380D00B00FFEF75 /* PuzzleGameUITests.swift in Sources */,
			);
			runOnlyForDeploymentPostprocessing = 0;
		};
/* End PBXSourcesBuildPhase section */

/* Begin PBXTargetDependency section */
		028F66AF2380D00B00FFEF75 /* PBXTargetDependency */ = {
			isa = PBXTargetDependency;
			target = 028F66932380D00800FFEF75 /* PuzzleGame */;
			targetProxy = 028F66AE2380D00B00FFEF75 /* PBXContainerItemProxy */;
		};
		028F66BA2380D00B00FFEF75 /* PBXTargetDependency */ = {
			isa = PBXTargetDependency;
			target = 028F66932380D00800FFEF75 /* PuzzleGame */;
			targetProxy = 028F66B92380D00B00FFEF75 /* PBXContainerItemProxy */;
		};
/* End PBXTargetDependency section */

/* Begin PBXVariantGroup section */
		028F669D2380D00800FFEF75 /* Main.storyboard */ = {
			isa = PBXVariantGroup;
			children = (
				028F669E2380D00800FFEF75 /* Base */,
			);
			name = Main.storyboard;
			sourceTree = "<group>";
		};
		028F66A52380D00B00FFEF75 /* LaunchScreen.storyboard */ = {
			isa = PBXVariantGroup;
			children = (
				028F66A62380D00B00FFEF75 /* Base */,
			);
			name = LaunchScreen.storyboard;
			sourceTree = "<group>";
		};
/* End PBXVariantGroup section */

/* Begin XCBuildConfiguration section */
		028F66BF2380D00B00FFEF75 /* Debug */ = {
			isa = XCBuildConfiguration;
			buildSettings = {
				ALWAYS_SEARCH_USER_PATHS = NO;
				CLANG_ANALYZER_NONNULL = YES;
				CLANG_ANALYZER_NUMBER_OBJECT_CONVERSION = YES_AGGRESSIVE;
				CLANG_CXX_LANGUAGE_STANDARD = "gnu++14";
				CLANG_CXX_LIBRARY = "libc++";
				CLANG_ENABLE_MODULES = YES;
				CLANG_ENABLE_OBJC_ARC = YES;
				CLANG_ENABLE_OBJC_WEAK = YES;
				CLANG_WARN_BLOCK_CAPTURE_AUTORELEASING = YES;
				CLANG_WARN_BOOL_CONVERSION = YES;
				CLANG_WARN_COMMA = YES;
				CLANG_WARN_CONSTANT_CONVERSION = YES;
				CLANG_WARN_DEPRECATED_OBJC_IMPLEMENTATIONS = YES;
				CLANG_WARN_DIRECT_OBJC_ISA_USAGE = YES_ERROR;
				CLANG_WARN_DOCUMENTATION_COMMENTS = YES;
				CLANG_WARN_EMPTY_BODY = YES;
				CLANG_WARN_ENUM_CONVERSION = YES;
				CLANG_WARN_INFINITE_RECURSION = YES;
				CLANG_WARN_INT_CONVERSION = YES;
				CLANG_WARN_NON_LITERAL_NULL_CONVERSION = YES;
				CLANG_WARN_OBJC_IMPLICIT_RETAIN_SELF = YES;
				CLANG_WARN_OBJC_LITERAL_CONVERSION = YES;
				CLANG_WARN_OBJC_ROOT_CLASS = YES_ERROR;
				CLANG_WARN_RANGE_LOOP_ANALYSIS = YES;
				CLANG_WARN_STRICT_PROTOTYPES = YES;
				CLANG_WARN_SUSPICIOUS_MOVE = YES;
				CLANG_WARN_UNGUARDED_AVAILABILITY = YES_AGGRESSIVE;
				CLANG_WARN_UNREACHABLE_CODE = YES;
				CLANG_WARN__DUPLICATE_METHOD_MATCH = YES;
				COPY_PHASE_STRIP = NO;
				DEBUG_INFORMATION_FORMAT = dwarf;
				ENABLE_STRICT_OBJC_MSGSEND = YES;
				ENABLE_TESTABILITY = YES;
				GCC_C_LANGUAGE_STANDARD = gnu11;
				GCC_DYNAMIC_NO_PIC = NO;
				GCC_NO_COMMON_BLOCKS = YES;
				GCC_OPTIMIZATION_LEVEL = 0;
				GCC_PREPROCESSOR_DEFINITIONS = (
					"DEBUG=1",
					"$(inherited)",
				);
				GCC_WARN_64_TO_32_BIT_CONVERSION = YES;
				GCC_WARN_ABOUT_RETURN_TYPE = YES_ERROR;
				GCC_WARN_UNDECLARED_SELECTOR = YES;
				GCC_WARN_UNINITIALIZED_AUTOS = YES_AGGRESSIVE;
				GCC_WARN_UNUSED_FUNCTION = YES;
				GCC_WARN_UNUSED_VARIABLE = YES;
				IPHONEOS_DEPLOYMENT_TARGET = 13.1;
				MTL_ENABLE_DEBUG_INFO = INCLUDE_SOURCE;
				MTL_FAST_MATH = YES;
				ONLY_ACTIVE_ARCH = YES;
				SDKROOT = iphoneos;
				SWIFT_ACTIVE_COMPILATION_CONDITIONS = DEBUG;
				SWIFT_OPTIMIZATION_LEVEL = "-Onone";
			};
			name = Debug;
		};
		028F66C02380D00B00FFEF75 /* Release */ = {
			isa = XCBuildConfiguration;
			buildSettings = {
				ALWAYS_SEARCH_USER_PATHS = NO;
				CLANG_ANALYZER_NONNULL = YES;
				CLANG_ANALYZER_NUMBER_OBJECT_CONVERSION = YES_AGGRESSIVE;
				CLANG_CXX_LANGUAGE_STANDARD = "gnu++14";
				CLANG_CXX_LIBRARY = "libc++";
				CLANG_ENABLE_MODULES = YES;
				CLANG_ENABLE_OBJC_ARC = YES;
				CLANG_ENABLE_OBJC_WEAK = YES;
				CLANG_WARN_BLOCK_CAPTURE_AUTORELEASING = YES;
				CLANG_WARN_BOOL_CONVERSION = YES;
				CLANG_WARN_COMMA = YES;
				CLANG_WARN_CONSTANT_CONVERSION = YES;
				CLANG_WARN_DEPRECATED_OBJC_IMPLEMENTATIONS = YES;
				CLANG_WARN_DIRECT_OBJC_ISA_USAGE = YES_ERROR;
				CLANG_WARN_DOCUMENTATION_COMMENTS = YES;
				CLANG_WARN_EMPTY_BODY = YES;
				CLANG_WARN_ENUM_CONVERSION = YES;
				CLANG_WARN_INFINITE_RECURSION = YES;
				CLANG_WARN_INT_CONVERSION = YES;
				CLANG_WARN_NON_LITERAL_NULL_CONVERSION = YES;
				CLANG_WARN_OBJC_IMPLICIT_RETAIN_SELF = YES;
				CLANG_WARN_OBJC_LITERAL_CONVERSION = YES;
				CLANG_WARN_OBJC_ROOT_CLASS = YES_ERROR;
				CLANG_WARN_RANGE_LOOP_ANALYSIS = YES;
				CLANG_WARN_STRICT_PROTOTYPES = YES;
				CLANG_WARN_SUSPICIOUS_MOVE = YES;
				CLANG_WARN_UNGUARDED_AVAILABILITY = YES_AGGRESSIVE;
				CLANG_WARN_UNREACHABLE_CODE = YES;
				CLANG_WARN__DUPLICATE_METHOD_MATCH = YES;
				COPY_PHASE_STRIP = NO;
				DEBUG_INFORMATION_FORMAT = "dwarf-with-dsym";
				ENABLE_NS_ASSERTIONS = NO;
				ENABLE_STRICT_OBJC_MSGSEND = YES;
				GCC_C_LANGUAGE_STANDARD = gnu11;
				GCC_NO_COMMON_BLOCKS = YES;
				GCC_WARN_64_TO_32_BIT_CONVERSION = YES;
				GCC_WARN_ABOUT_RETURN_TYPE = YES_ERROR;
				GCC_WARN_UNDECLARED_SELECTOR = YES;
				GCC_WARN_UNINITIALIZED_AUTOS = YES_AGGRESSIVE;
				GCC_WARN_UNUSED_FUNCTION = YES;
				GCC_WARN_UNUSED_VARIABLE = YES;
				IPHONEOS_DEPLOYMENT_TARGET = 13.1;
				MTL_ENABLE_DEBUG_INFO = NO;
				MTL_FAST_MATH = YES;
				SDKROOT = iphoneos;
				SWIFT_COMPILATION_MODE = wholemodule;
				SWIFT_OPTIMIZATION_LEVEL = "-O";
				VALIDATE_PRODUCT = YES;
			};
			name = Release;
		};
		028F66C22380D00B00FFEF75 /* Debug */ = {
			isa = XCBuildConfiguration;
			baseConfigurationReference = 0673BE82271A93E3BDF12C3B /* Pods-PuzzleGame.debug.xcconfig */;
			buildSettings = {
				ASSETCATALOG_COMPILER_APPICON_NAME = AppIcon;
				CODE_SIGN_STYLE = Automatic;
				DEVELOPMENT_TEAM = 664QW65CGU;
				INFOPLIST_FILE = PuzzleGame/Info.plist;
				LD_RUNPATH_SEARCH_PATHS = (
					"$(inherited)",
					"@executable_path/Frameworks",
				);
				PRODUCT_BUNDLE_IDENTIFIER = demoproject.PuzzleGame;
				PRODUCT_NAME = "$(TARGET_NAME)";
				SWIFT_VERSION = 5.0;
				TARGETED_DEVICE_FAMILY = "1,2";
			};
			name = Debug;
		};
		028F66C32380D00B00FFEF75 /* Release */ = {
			isa = XCBuildConfiguration;
			baseConfigurationReference = 7440168E08583BC0B19FCD2A /* Pods-PuzzleGame.release.xcconfig */;
			buildSettings = {
				ASSETCATALOG_COMPILER_APPICON_NAME = AppIcon;
				CODE_SIGN_STYLE = Automatic;
				DEVELOPMENT_TEAM = 664QW65CGU;
				INFOPLIST_FILE = PuzzleGame/Info.plist;
				LD_RUNPATH_SEARCH_PATHS = (
					"$(inherited)",
					"@executable_path/Frameworks",
				);
				PRODUCT_BUNDLE_IDENTIFIER = demoproject.PuzzleGame;
				PRODUCT_NAME = "$(TARGET_NAME)";
				SWIFT_VERSION = 5.0;
				TARGETED_DEVICE_FAMILY = "1,2";
			};
			name = Release;
		};
		028F66C52380D00B00FFEF75 /* Debug */ = {
			isa = XCBuildConfiguration;
			buildSettings = {
				ALWAYS_EMBED_SWIFT_STANDARD_LIBRARIES = YES;
				BUNDLE_LOADER = "$(TEST_HOST)";
				CODE_SIGN_STYLE = Automatic;
				INFOPLIST_FILE = PuzzleGameTests/Info.plist;
				IPHONEOS_DEPLOYMENT_TARGET = 13.1;
				LD_RUNPATH_SEARCH_PATHS = (
					"$(inherited)",
					"@executable_path/Frameworks",
					"@loader_path/Frameworks",
				);
				PRODUCT_BUNDLE_IDENTIFIER = demoproject.PuzzleGameTests;
				PRODUCT_NAME = "$(TARGET_NAME)";
				SWIFT_VERSION = 5.0;
				TARGETED_DEVICE_FAMILY = "1,2";
				TEST_HOST = "$(BUILT_PRODUCTS_DIR)/PuzzleGame.app/PuzzleGame";
			};
			name = Debug;
		};
		028F66C62380D00B00FFEF75 /* Release */ = {
			isa = XCBuildConfiguration;
			buildSettings = {
				ALWAYS_EMBED_SWIFT_STANDARD_LIBRARIES = YES;
				BUNDLE_LOADER = "$(TEST_HOST)";
				CODE_SIGN_STYLE = Automatic;
				INFOPLIST_FILE = PuzzleGameTests/Info.plist;
				IPHONEOS_DEPLOYMENT_TARGET = 13.1;
				LD_RUNPATH_SEARCH_PATHS = (
					"$(inherited)",
					"@executable_path/Frameworks",
					"@loader_path/Frameworks",
				);
				PRODUCT_BUNDLE_IDENTIFIER = demoproject.PuzzleGameTests;
				PRODUCT_NAME = "$(TARGET_NAME)";
				SWIFT_VERSION = 5.0;
				TARGETED_DEVICE_FAMILY = "1,2";
				TEST_HOST = "$(BUILT_PRODUCTS_DIR)/PuzzleGame.app/PuzzleGame";
			};
			name = Release;
		};
		028F66C82380D00B00FFEF75 /* Debug */ = {
			isa = XCBuildConfiguration;
			buildSettings = {
				ALWAYS_EMBED_SWIFT_STANDARD_LIBRARIES = YES;
				CODE_SIGN_STYLE = Automatic;
				INFOPLIST_FILE = PuzzleGameUITests/Info.plist;
				LD_RUNPATH_SEARCH_PATHS = (
					"$(inherited)",
					"@executable_path/Frameworks",
					"@loader_path/Frameworks",
				);
				PRODUCT_BUNDLE_IDENTIFIER = demoproject.PuzzleGameUITests;
				PRODUCT_NAME = "$(TARGET_NAME)";
				SWIFT_VERSION = 5.0;
				TARGETED_DEVICE_FAMILY = "1,2";
				TEST_TARGET_NAME = PuzzleGame;
			};
			name = Debug;
		};
		028F66C92380D00B00FFEF75 /* Release */ = {
			isa = XCBuildConfiguration;
			buildSettings = {
				ALWAYS_EMBED_SWIFT_STANDARD_LIBRARIES = YES;
				CODE_SIGN_STYLE = Automatic;
				INFOPLIST_FILE = PuzzleGameUITests/Info.plist;
				LD_RUNPATH_SEARCH_PATHS = (
					"$(inherited)",
					"@executable_path/Frameworks",
					"@loader_path/Frameworks",
				);
				PRODUCT_BUNDLE_IDENTIFIER = demoproject.PuzzleGameUITests;
				PRODUCT_NAME = "$(TARGET_NAME)";
				SWIFT_VERSION = 5.0;
				TARGETED_DEVICE_FAMILY = "1,2";
				TEST_TARGET_NAME = PuzzleGame;
			};
			name = Release;
		};
/* End XCBuildConfiguration section */

/* Begin XCConfigurationList section */
		028F668F2380D00800FFEF75 /* Build configuration list for PBXProject "PuzzleGame" */ = {
			isa = XCConfigurationList;
			buildConfigurations = (
				028F66BF2380D00B00FFEF75 /* Debug */,
				028F66C02380D00B00FFEF75 /* Release */,
			);
			defaultConfigurationIsVisible = 0;
			defaultConfigurationName = Release;
		};
		028F66C12380D00B00FFEF75 /* Build configuration list for PBXNativeTarget "PuzzleGame" */ = {
			isa = XCConfigurationList;
			buildConfigurations = (
				028F66C22380D00B00FFEF75 /* Debug */,
				028F66C32380D00B00FFEF75 /* Release */,
			);
			defaultConfigurationIsVisible = 0;
			defaultConfigurationName = Release;
		};
		028F66C42380D00B00FFEF75 /* Build configuration list for PBXNativeTarget "PuzzleGameTests" */ = {
			isa = XCConfigurationList;
			buildConfigurations = (
				028F66C52380D00B00FFEF75 /* Debug */,
				028F66C62380D00B00FFEF75 /* Release */,
			);
			defaultConfigurationIsVisible = 0;
			defaultConfigurationName = Release;
		};
		028F66C72380D00B00FFEF75 /* Build configuration list for PBXNativeTarget "PuzzleGameUITests" */ = {
			isa = XCConfigurationList;
			buildConfigurations = (
				028F66C82380D00B00FFEF75 /* Debug */,
				028F66C92380D00B00FFEF75 /* Release */,
			);
			defaultConfigurationIsVisible = 0;
			defaultConfigurationName = Release;
		};
/* End XCConfigurationList section */

/* Begin XCVersionGroup section */
		028F66A02380D00800FFEF75 /* PuzzleGame.xcdatamodeld */ = {
			isa = XCVersionGroup;
			children = (
				028F66A12380D00800FFEF75 /* PuzzleGame.xcdatamodel */,
			);
			currentVersion = 028F66A12380D00800FFEF75 /* PuzzleGame.xcdatamodel */;
			path = PuzzleGame.xcdatamodeld;
			sourceTree = "<group>";
			versionGroupType = wrapper.xcdatamodel;
		};
/* End XCVersionGroup section */
	};
	rootObject = 028F668C2380D00800FFEF75 /* Project object */;
}
